
Microsoft Visual Studio Solution File, Format Version 11.00
# Visual Studio 2010
Project("{FAE04EC0-301F-11D3-BF4B-00C04F79EFBC}") = "Moon Phases", "Moon Phases\Moon Phases.csproj", "{A1D96834-4278-4AEA-A468-53201EE44E9F}"
EndProject
Global
	GlobalSection(SolutionConfigurationPlatforms) = preSolution
		Debug|Any CPU = Debug|Any CPU
		Release|Any CPU = Release|Any CPU
	EndGlobalSection
	GlobalSection(ProjectConfigurationPlatforms) = postSolution
		{A1D96834-4278-4AEA-A468-53201EE44E9F}.Debug|Any CPU.ActiveCfg = Debug|Any CPU
		{A1D96834-4278-4AEA-A468-53201EE44E9F}.Debug|Any CPU.Build.0 = Debug|Any CPU
		{A1D96834-4278-4AEA-A468-53201EE44E9F}.Release|Any CPU.ActiveCfg = Release|Any CPU
		{A1D96834-4278-4AEA-A468-53201EE44E9F}.Release|Any CPU.Build.0 = Release|Any CPU
	EndGlobalSection
	GlobalSection(SolutionProperties) = preSolution
		HideSolutionNode = FALSE
	EndGlobalSection
EndGlobal
